# THIS IS AN AUTOGENERATED FILE. DO NOT EDIT THIS FILE DIRECTLY.
# yarn lockfile v1


addressparser@1.0.1:
  version "1.0.1"
  resolved "https://registry.yarnpkg.com/addressparser/-/addressparser-1.0.1.tgz#47afbe1a2a9262191db6838e4fd1d39b40821746"
  integrity sha1-R6++GiqSYhkdtoOOT9HTm0CCF0Y=

buildmail@3.10.0:
  version "3.10.0"
  resolved "https://registry.yarnpkg.com/buildmail/-/buildmail-3.10.0.tgz#c6826d716e7945bb6f6b1434b53985e029a03159"
  integrity sha1-xoJtcW55RbtvaxQ0tTmF4CmgMVk=
  dependencies:
    addressparser "1.0.1"
    libbase64 "0.1.0"
    libmime "2.1.0"
    libqp "1.1.0"
    nodemailer-fetch "1.6.0"
    nodemailer-shared "1.1.0"

dkim-signer@^0.2.2:
  version "0.2.2"
  resolved "https://registry.yarnpkg.com/dkim-signer/-/dkim-signer-0.2.2.tgz#aa81ec071eeed3622781baa922044d7800e5f308"
  integrity sha1-qoHsBx7u02IngbqpIgRNeADl8wg=
  dependencies:
    libmime "^2.0.3"

iconv-lite@0.4.13:
  version "0.4.13"
  resolved "https://registry.yarnpkg.com/iconv-lite/-/iconv-lite-0.4.13.tgz#1f88aba4ab0b1508e8312acc39345f36e992e2f2"
  integrity sha1-H4irpKsLFQjoMSrMOTRfNumS4vI=

iconv-lite@0.4.15:
  version "0.4.15"
  resolved "https://registry.yarnpkg.com/iconv-lite/-/iconv-lite-0.4.15.tgz#fe265a218ac6a57cfe854927e9d04c19825eddeb"
  integrity sha1-/iZaIYrGpXz+hUkn6dBMGYJe3es=

libbase64@0.1.0:
  version "0.1.0"
  resolved "https://registry.yarnpkg.com/libbase64/-/libbase64-0.1.0.tgz#62351a839563ac5ff5bd26f12f60e9830bb751e6"
  integrity sha1-YjUag5VjrF/1vSbxL2Dpgwu3UeY=

libmime@2.1.0:
  version "2.1.0"
  resolved "https://registry.yarnpkg.com/libmime/-/libmime-2.1.0.tgz#51bc76de2283161eb9051c4bc80aed713e4fd1cd"
  integrity sha1-Ubx23iKDFh65BRxLyArtcT5P0c0=
  dependencies:
    iconv-lite "0.4.13"
    libbase64 "0.1.0"
    libqp "1.1.0"

libmime@^2.0.3:
  version "2.1.3"
  resolved "https://registry.yarnpkg.com/libmime/-/libmime-2.1.3.tgz#25017ca5ab5a1e98aadbe2725017cf1d48a42a0c"
  integrity sha1-JQF8pataHpiq2+JyUBfPHUikKgw=
  dependencies:
    iconv-lite "0.4.15"
    libbase64 "0.1.0"
    libqp "1.1.0"

libqp@1.1.0:
  version "1.1.0"
  resolved "https://registry.yarnpkg.com/libqp/-/libqp-1.1.0.tgz#f5e6e06ad74b794fb5b5b66988bf728ef1dedbe8"
  integrity sha1-9ebgatdLeU+1tbZpiL9yjvHe2+g=

mailcomposer@^3.12.0:
  version "3.12.0"
  resolved "https://registry.yarnpkg.com/mailcomposer/-/mailcomposer-3.12.0.tgz#9c5e1188aa8e1c62ec8b86bd43468102b639e8f9"
  integrity sha1-nF4RiKqOHGLsi4a9Q0aBArY56Pk=
  dependencies:
    buildmail "3.10.0"
    libmime "2.1.0"

nodemailer-fetch@1.6.0:
  version "1.6.0"
  resolved "https://registry.yarnpkg.com/nodemailer-fetch/-/nodemailer-fetch-1.6.0.tgz#79c4908a1c0f5f375b73fe888da9828f6dc963a4"
  integrity sha1-ecSQihwPXzdbc/6IjamCj23JY6Q=

nodemailer-shared@1.1.0:
  version "1.1.0"
  resolved "https://registry.yarnpkg.com/nodemailer-shared/-/nodemailer-shared-1.1.0.tgz#cf5994e2fd268d00f5cf0fa767a08169edb07ec0"
  integrity sha1-z1mU4v0mjQD1zw+nZ6CBae2wfsA=
  dependencies:
    nodemailer-fetch "1.6.0"

sendmail@^1.2.0:
  version "1.4.1"
  resolved "https://registry.yarnpkg.com/sendmail/-/sendmail-1.4.1.tgz#e0732447f5ff07270fbcecd6030d748bcb4a03cb"
  integrity sha512-MfprntdcmRUlxZJisAJGb4sp8kL4biCbrmcLT9FJsECDATTn3Q1rYkxXyT+DFZ5fIZ5ZPJt+H/eHWUFd1xWUuw==
  dependencies:
    dkim-signer "^0.2.2"
    mailcomposer "^3.12.0"
