{
	"name": "strapi-knex",
	"version": "3.0.0-alpha.4",
	"lockfileVersion": 1,
	"requires": true,
	"dependencies": {
		"ansi-regex": {
			"version": "2.1.1",
			"resolved": "https://registry.npmjs.org/ansi-regex/-/ansi-regex-2.1.1.tgz",
			"integrity": "sha1-w7M6te42DYbg5ijwRorn7yfWVN8="
		},
		"ansi-styles": {
			"version": "2.2.1",
			"resolved": "https://registry.npmjs.org/ansi-styles/-/ansi-styles-2.2.1.tgz",
			"integrity": "sha1-tDLdM1i2NM914eRmQ2gkBTPB3b4="
		},
		"arr-diff": {
			"version": "2.0.0",
			"resolved": "https://registry.npmjs.org/arr-diff/-/arr-diff-2.0.0.tgz",
			"integrity": "sha1-jzuCf5Vai9ZpaX5KQlasPOrjVs8=",
			"requires": {
				"arr-flatten": "1.1.0"
			}
		},
		"arr-flatten": {
			"version": "1.1.0",
			"resolved": "https://registry.npmjs.org/arr-flatten/-/arr-flatten-1.1.0.tgz",
			"integrity": "sha512-L3hKV5R/p5o81R7O02IGnwpDmkp6E982XhtbuwSe3O4qOtMMMtodicASA1Cny2U+aCXcNpml+m4dPsvsJ3jatg=="
		},
		"array-unique": {
			"version": "0.2.1",
			"resolved": "https://registry.npmjs.org/array-unique/-/array-unique-0.2.1.tgz",
			"integrity": "sha1-odl8yvy8JiXMcPrc6zalDFiwGlM="
		},
		"babel-runtime": {
			"version": "6.23.0",
			"resolved": "https://registry.npmjs.org/babel-runtime/-/babel-runtime-6.23.0.tgz",
			"integrity": "sha1-CpSJ8UTecO+zzkMArM2zKeL8VDs=",
			"requires": {
				"core-js": "2.4.1",
				"regenerator-runtime": "0.10.5"
			}
		},
		"bluebird": {
			"version": "3.5.0",
			"resolved": "https://registry.npmjs.org/bluebird/-/bluebird-3.5.0.tgz",
			"integrity": "sha1-eRQg1/VR7qKJdFOop3ZT+WYG1nw="
		},
		"braces": {
			"version": "1.8.5",
			"resolved": "https://registry.npmjs.org/braces/-/braces-1.8.5.tgz",
			"integrity": "sha1-uneWLhLf+WnWt2cR6RS3N4V79qc=",
			"requires": {
				"expand-range": "1.8.2",
				"preserve": "0.2.0",
				"repeat-element": "1.1.2"
			}
		},
		"chalk": {
			"version": "1.1.3",
			"resolved": "https://registry.npmjs.org/chalk/-/chalk-1.1.3.tgz",
			"integrity": "sha1-qBFcVeSnAv5NFQq9OHKCKn4J/Jg=",
			"requires": {
				"ansi-styles": "2.2.1",
				"escape-string-regexp": "1.0.5",
				"has-ansi": "2.0.0",
				"strip-ansi": "3.0.1",
				"supports-color": "2.0.0"
			}
		},
		"commander": {
			"version": "2.11.0",
			"resolved": "https://registry.npmjs.org/commander/-/commander-2.11.0.tgz",
			"integrity": "sha512-b0553uYA5YAEGgyYIGYROzKQ7X5RAqedkfjiZxwi0kL1g3bOaBNNZfYkzt/CL0umgD5wc9Jec2FbB98CjkMRvQ=="
		},
		"core-js": {
			"version": "2.4.1",
			"resolved": "https://registry.npmjs.org/core-js/-/core-js-2.4.1.tgz",
			"integrity": "sha1-TekR5mew6ukSTjQlS1OupvxhjT4="
		},
		"core-util-is": {
			"version": "1.0.2",
			"resolved": "https://registry.npmjs.org/core-util-is/-/core-util-is-1.0.2.tgz",
			"integrity": "sha1-tf1UIgqivFq1eqtxQMlAdUUDwac="
		},
		"debug": {
			"version": "2.6.8",
			"resolved": "https://registry.npmjs.org/debug/-/debug-2.6.8.tgz",
			"integrity": "sha1-5zFTHKLt4n0YgiJCfaF4IdaP9Pw=",
			"requires": {
				"ms": "2.0.0"
			}
		},
		"detect-file": {
			"version": "0.1.0",
			"resolved": "https://registry.npmjs.org/detect-file/-/detect-file-0.1.0.tgz",
			"integrity": "sha1-STXe39lIhkjgBrASlWbpOGcR6mM=",
			"requires": {
				"fs-exists-sync": "0.1.0"
			}
		},
		"escape-string-regexp": {
			"version": "1.0.5",
			"resolved": "https://registry.npmjs.org/escape-string-regexp/-/escape-string-regexp-1.0.5.tgz",
			"integrity": "sha1-G2HAViGQqN/2rjuyzwIAyhMLhtQ="
		},
		"expand-brackets": {
			"version": "0.1.5",
			"resolved": "https://registry.npmjs.org/expand-brackets/-/expand-brackets-0.1.5.tgz",
			"integrity": "sha1-3wcoTjQqgHzXM6xa9yQR5YHRF3s=",
			"requires": {
				"is-posix-bracket": "0.1.1"
			}
		},
		"expand-range": {
			"version": "1.8.2",
			"resolved": "https://registry.npmjs.org/expand-range/-/expand-range-1.8.2.tgz",
			"integrity": "sha1-opnv/TNf4nIeuujiV+x5ZE/IUzc=",
			"requires": {
				"fill-range": "2.2.3"
			}
		},
		"expand-tilde": {
			"version": "1.2.2",
			"resolved": "https://registry.npmjs.org/expand-tilde/-/expand-tilde-1.2.2.tgz",
			"integrity": "sha1-C4HrqJflo9MdHD0QL48BRB5VlEk=",
			"requires": {
				"os-homedir": "1.0.2"
			}
		},
		"extend": {
			"version": "3.0.1",
			"resolved": "https://registry.npmjs.org/extend/-/extend-3.0.1.tgz",
			"integrity": "sha1-p1Xqe8Gt/MWjHOfnYtuq3F5jZEQ="
		},
		"extglob": {
			"version": "0.3.2",
			"resolved": "https://registry.npmjs.org/extglob/-/extglob-0.3.2.tgz",
			"integrity": "sha1-Lhj/PS9JqydlzskCPwEdqo2DSaE=",
			"requires": {
				"is-extglob": "1.0.0"
			}
		},
		"filename-regex": {
			"version": "2.0.1",
			"resolved": "https://registry.npmjs.org/filename-regex/-/filename-regex-2.0.1.tgz",
			"integrity": "sha1-wcS5vuPglyXdsQa3XB4wH+LxiyY="
		},
		"fill-range": {
			"version": "2.2.3",
			"resolved": "https://registry.npmjs.org/fill-range/-/fill-range-2.2.3.tgz",
			"integrity": "sha1-ULd9/X5Gm8dJJHCWNpn+eoSFpyM=",
			"requires": {
				"is-number": "2.1.0",
				"isobject": "2.1.0",
				"randomatic": "1.1.7",
				"repeat-element": "1.1.2",
				"repeat-string": "1.6.1"
			}
		},
		"findup-sync": {
			"version": "0.4.3",
			"resolved": "https://registry.npmjs.org/findup-sync/-/findup-sync-0.4.3.tgz",
			"integrity": "sha1-QAQ5Kee8YK3wt/SCfExudaDeyhI=",
			"requires": {
				"detect-file": "0.1.0",
				"is-glob": "2.0.1",
				"micromatch": "2.3.11",
				"resolve-dir": "0.1.1"
			}
		},
		"flagged-respawn": {
			"version": "0.3.2",
			"resolved": "https://registry.npmjs.org/flagged-respawn/-/flagged-respawn-0.3.2.tgz",
			"integrity": "sha1-/xke3c1wiKZ1smEP/8l2vpuAdLU="
		},
		"for-in": {
			"version": "1.0.2",
			"resolved": "https://registry.npmjs.org/for-in/-/for-in-1.0.2.tgz",
			"integrity": "sha1-gQaNKVqBQuwKxybG4iAMMPttXoA="
		},
		"for-own": {
			"version": "0.1.5",
			"resolved": "https://registry.npmjs.org/for-own/-/for-own-0.1.5.tgz",
			"integrity": "sha1-UmXGgaTylNq78XyVCbZ2OqhFEM4=",
			"requires": {
				"for-in": "1.0.2"
			}
		},
		"fs-exists-sync": {
			"version": "0.1.0",
			"resolved": "https://registry.npmjs.org/fs-exists-sync/-/fs-exists-sync-0.1.0.tgz",
			"integrity": "sha1-mC1ok6+RjnLQjeyehnP/K1qNat0="
		},
		"generic-pool": {
			"version": "2.5.4",
			"resolved": "https://registry.npmjs.org/generic-pool/-/generic-pool-2.5.4.tgz",
			"integrity": "sha1-OMYYhRPhQDCUjsblz2VSPZd5KZs="
		},
		"glob-base": {
			"version": "0.3.0",
			"resolved": "https://registry.npmjs.org/glob-base/-/glob-base-0.3.0.tgz",
			"integrity": "sha1-27Fk9iIbHAscz4Kuoyi0l98Oo8Q=",
			"requires": {
				"glob-parent": "2.0.0",
				"is-glob": "2.0.1"
			}
		},
		"glob-parent": {
			"version": "2.0.0",
			"resolved": "https://registry.npmjs.org/glob-parent/-/glob-parent-2.0.0.tgz",
			"integrity": "sha1-gTg9ctsFT8zPUzbaqQLxgvbtuyg=",
			"requires": {
				"is-glob": "2.0.1"
			}
		},
		"global-modules": {
			"version": "0.2.3",
			"resolved": "https://registry.npmjs.org/global-modules/-/global-modules-0.2.3.tgz",
			"integrity": "sha1-6lo77ULG1s6ZWk+KEmm12uIjgo0=",
			"requires": {
				"global-prefix": "0.1.5",
				"is-windows": "0.2.0"
			}
		},
		"global-prefix": {
			"version": "0.1.5",
			"resolved": "https://registry.npmjs.org/global-prefix/-/global-prefix-0.1.5.tgz",
			"integrity": "sha1-jTvGuNo8qBEqFg2NSW/wRiv+948=",
			"requires": {
				"homedir-polyfill": "1.0.1",
				"ini": "1.3.4",
				"is-windows": "0.2.0",
				"which": "1.2.14"
			}
		},
		"has-ansi": {
			"version": "2.0.0",
			"resolved": "https://registry.npmjs.org/has-ansi/-/has-ansi-2.0.0.tgz",
			"integrity": "sha1-NPUEnOHs3ysGSa8+8k5F7TVBbZE=",
			"requires": {
				"ansi-regex": "2.1.1"
			}
		},
		"homedir-polyfill": {
			"version": "1.0.1",
			"resolved": "https://registry.npmjs.org/homedir-polyfill/-/homedir-polyfill-1.0.1.tgz",
			"integrity": "sha1-TCu8inWJmP7r9e1oWA921GdotLw=",
			"requires": {
				"parse-passwd": "1.0.0"
			}
		},
		"inherits": {
			"version": "2.0.3",
			"resolved": "https://registry.npmjs.org/inherits/-/inherits-2.0.3.tgz",
			"integrity": "sha1-Yzwsg+PaQqUC9SRmAiSA9CCCYd4="
		},
		"ini": {
			"version": "1.3.4",
			"resolved": "https://registry.npmjs.org/ini/-/ini-1.3.4.tgz",
			"integrity": "sha1-BTfLedr1m1mhpRff9wbIbsA5Fi4="
		},
		"interpret": {
			"version": "0.6.6",
			"resolved": "https://registry.npmjs.org/interpret/-/interpret-0.6.6.tgz",
			"integrity": "sha1-/s16GOfOXKar+5U+H4YhOknxYls="
		},
		"is-buffer": {
			"version": "1.1.5",
			"resolved": "https://registry.npmjs.org/is-buffer/-/is-buffer-1.1.5.tgz",
			"integrity": "sha1-Hzsm72E7IUuIy8ojzGwB2Hlh7sw="
		},
		"is-dotfile": {
			"version": "1.0.3",
			"resolved": "https://registry.npmjs.org/is-dotfile/-/is-dotfile-1.0.3.tgz",
			"integrity": "sha1-pqLzL/0t+wT1yiXs0Pa4PPeYoeE="
		},
		"is-equal-shallow": {
			"version": "0.1.3",
			"resolved": "https://registry.npmjs.org/is-equal-shallow/-/is-equal-shallow-0.1.3.tgz",
			"integrity": "sha1-IjgJj8Ih3gvPpdnqxMRdY4qhxTQ=",
			"requires": {
				"is-primitive": "2.0.0"
			}
		},
		"is-extendable": {
			"version": "0.1.1",
			"resolved": "https://registry.npmjs.org/is-extendable/-/is-extendable-0.1.1.tgz",
			"integrity": "sha1-YrEQ4omkcUGOPsNqYX1HLjAd/Ik="
		},
		"is-extglob": {
			"version": "1.0.0",
			"resolved": "https://registry.npmjs.org/is-extglob/-/is-extglob-1.0.0.tgz",
			"integrity": "sha1-rEaBd8SUNAWgkvyPKXYMb/xiBsA="
		},
		"is-glob": {
			"version": "2.0.1",
			"resolved": "https://registry.npmjs.org/is-glob/-/is-glob-2.0.1.tgz",
			"integrity": "sha1-0Jb5JqPe1WAPP9/ZEZjLCIjC2GM=",
			"requires": {
				"is-extglob": "1.0.0"
			}
		},
		"is-number": {
			"version": "2.1.0",
			"resolved": "https://registry.npmjs.org/is-number/-/is-number-2.1.0.tgz",
			"integrity": "sha1-Afy7s5NGOlSPL0ZszhbezknbkI8=",
			"requires": {
				"kind-of": "3.2.2"
			}
		},
		"is-posix-bracket": {
			"version": "0.1.1",
			"resolved": "https://registry.npmjs.org/is-posix-bracket/-/is-posix-bracket-0.1.1.tgz",
			"integrity": "sha1-MzTceXdDaOkvAW5vvAqI9c1ua8Q="
		},
		"is-primitive": {
			"version": "2.0.0",
			"resolved": "https://registry.npmjs.org/is-primitive/-/is-primitive-2.0.0.tgz",
			"integrity": "sha1-IHurkWOEmcB7Kt8kCkGochADRXU="
		},
		"is-windows": {
			"version": "0.2.0",
			"resolved": "https://registry.npmjs.org/is-windows/-/is-windows-0.2.0.tgz",
			"integrity": "sha1-3hqm1j6indJIc3tp8f+LgALSEIw="
		},
		"isarray": {
			"version": "1.0.0",
			"resolved": "https://registry.npmjs.org/isarray/-/isarray-1.0.0.tgz",
			"integrity": "sha1-u5NdSFgsuhaMBoNJV6VKPgcSTxE="
		},
		"isexe": {
			"version": "2.0.0",
			"resolved": "https://registry.npmjs.org/isexe/-/isexe-2.0.0.tgz",
			"integrity": "sha1-6PvzdNxVb/iUehDcsFctYz8s+hA="
		},
		"isobject": {
			"version": "2.1.0",
			"resolved": "https://registry.npmjs.org/isobject/-/isobject-2.1.0.tgz",
			"integrity": "sha1-8GVWEJaj8dou9GJy+BXIQNh+DIk=",
			"requires": {
				"isarray": "1.0.0"
			}
		},
		"kind-of": {
			"version": "3.2.2",
			"resolved": "https://registry.npmjs.org/kind-of/-/kind-of-3.2.2.tgz",
			"integrity": "sha1-MeohpzS6ubuw8yRm2JOupR5KPGQ=",
			"requires": {
				"is-buffer": "1.1.5"
			}
		},
		"knex": {
			"version": "0.12.9",
			"resolved": "https://registry.npmjs.org/knex/-/knex-0.12.9.tgz",
			"integrity": "sha1-qoUhOMCe1GGB6JD9aYJwu+d2ESQ=",
			"requires": {
				"babel-runtime": "6.23.0",
				"bluebird": "3.5.0",
				"chalk": "1.1.3",
				"commander": "2.11.0",
				"debug": "2.6.8",
				"generic-pool": "2.5.4",
				"inherits": "2.0.3",
				"interpret": "0.6.6",
				"liftoff": "2.2.5",
				"lodash": "4.17.4",
				"minimist": "1.1.3",
				"mkdirp": "0.5.1",
				"pg-connection-string": "0.1.3",
				"readable-stream": "1.1.14",
				"safe-buffer": "5.1.1",
				"tildify": "1.0.0",
				"uuid": "3.1.0",
				"v8flags": "2.1.1"
			}
		},
		"liftoff": {
			"version": "2.2.5",
			"resolved": "https://registry.npmjs.org/liftoff/-/liftoff-2.2.5.tgz",
			"integrity": "sha1-mYwods/0hLED5EI7k9NW2kRzTJE=",
			"requires": {
				"extend": "3.0.1",
				"findup-sync": "0.4.3",
				"flagged-respawn": "0.3.2",
				"rechoir": "0.6.2",
				"resolve": "1.3.3"
			}
		},
		"lodash": {
			"version": "4.17.4",
			"resolved": "https://registry.npmjs.org/lodash/-/lodash-4.17.4.tgz",
			"integrity": "sha1-eCA6TRwyiuHYbcpkYONptX9AVa4="
		},
		"micromatch": {
			"version": "2.3.11",
			"resolved": "https://registry.npmjs.org/micromatch/-/micromatch-2.3.11.tgz",
			"integrity": "sha1-hmd8l9FyCzY0MdBNDRUpO9OMFWU=",
			"requires": {
				"arr-diff": "2.0.0",
				"array-unique": "0.2.1",
				"braces": "1.8.5",
				"expand-brackets": "0.1.5",
				"extglob": "0.3.2",
				"filename-regex": "2.0.1",
				"is-extglob": "1.0.0",
				"is-glob": "2.0.1",
				"kind-of": "3.2.2",
				"normalize-path": "2.1.1",
				"object.omit": "2.0.1",
				"parse-glob": "3.0.4",
				"regex-cache": "0.4.3"
			}
		},
		"minimist": {
			"version": "1.1.3",
			"resolved": "https://registry.npmjs.org/minimist/-/minimist-1.1.3.tgz",
			"integrity": "sha1-O+39kaktOQFvz6ocaB6Pqhoe/ag="
		},
		"mkdirp": {
			"version": "0.5.1",
			"resolved": "https://registry.npmjs.org/mkdirp/-/mkdirp-0.5.1.tgz",
			"integrity": "sha1-MAV0OOrGz3+MR2fzhkjWaX11yQM=",
			"requires": {
				"minimist": "0.0.8"
			},
			"dependencies": {
				"minimist": {
					"version": "0.0.8",
					"resolved": "https://registry.npmjs.org/minimist/-/minimist-0.0.8.tgz",
					"integrity": "sha1-hX/Kv8M5fSYluCKCYuhqp6ARsF0="
				}
			}
		},
		"ms": {
			"version": "2.0.0",
			"resolved": "https://registry.npmjs.org/ms/-/ms-2.0.0.tgz",
			"integrity": "sha1-VgiurfwAvmwpAd9fmGF4jeDVl8g="
		},
		"nan": {
			"version": "2.4.0",
			"resolved": "https://registry.npmjs.org/nan/-/nan-2.4.0.tgz",
			"integrity": "sha1-+zxZ1F/k7/4hXwuJD4rfbrMtIjI="
		},
		"normalize-path": {
			"version": "2.1.1",
			"resolved": "https://registry.npmjs.org/normalize-path/-/normalize-path-2.1.1.tgz",
			"integrity": "sha1-GrKLVW4Zg2Oowab35vogE3/mrtk=",
			"requires": {
				"remove-trailing-separator": "1.0.2"
			}
		},
		"object.omit": {
			"version": "2.0.1",
			"resolved": "https://registry.npmjs.org/object.omit/-/object.omit-2.0.1.tgz",
			"integrity": "sha1-Gpx0SCnznbuFjHbKNXmuKlTr0fo=",
			"requires": {
				"for-own": "0.1.5",
				"is-extendable": "0.1.1"
			}
		},
		"os-homedir": {
			"version": "1.0.2",
			"resolved": "https://registry.npmjs.org/os-homedir/-/os-homedir-1.0.2.tgz",
			"integrity": "sha1-/7xJiDNuDoM94MFox+8VISGqf7M="
		},
		"parse-glob": {
			"version": "3.0.4",
			"resolved": "https://registry.npmjs.org/parse-glob/-/parse-glob-3.0.4.tgz",
			"integrity": "sha1-ssN2z7EfNVE7rdFz7wu246OIORw=",
			"requires": {
				"glob-base": "0.3.0",
				"is-dotfile": "1.0.3",
				"is-extglob": "1.0.0",
				"is-glob": "2.0.1"
			}
		},
		"parse-passwd": {
			"version": "1.0.0",
			"resolved": "https://registry.npmjs.org/parse-passwd/-/parse-passwd-1.0.0.tgz",
			"integrity": "sha1-bVuTSkVpk7I9N/QKOC1vFmao5cY="
		},
		"path-parse": {
			"version": "1.0.5",
			"resolved": "https://registry.npmjs.org/path-parse/-/path-parse-1.0.5.tgz",
			"integrity": "sha1-PBrfhx6pzWyUMbbqK9dKD/BVxME="
		},
		"pg-connection-string": {
			"version": "0.1.3",
			"resolved": "https://registry.npmjs.org/pg-connection-string/-/pg-connection-string-0.1.3.tgz",
			"integrity": "sha1-2hhHsglA5C7hSSvq9l1J2RskXfc="
		},
		"preserve": {
			"version": "0.2.0",
			"resolved": "https://registry.npmjs.org/preserve/-/preserve-0.2.0.tgz",
			"integrity": "sha1-gV7R9uvGWSb4ZbMQwHE7yzMVzks="
		},
		"randomatic": {
			"version": "1.1.7",
			"resolved": "https://registry.npmjs.org/randomatic/-/randomatic-1.1.7.tgz",
			"integrity": "sha512-D5JUjPyJbaJDkuAazpVnSfVkLlpeO3wDlPROTMLGKG1zMFNFRgrciKo1ltz/AzNTkqE0HzDx655QOL51N06how==",
			"requires": {
				"is-number": "3.0.0",
				"kind-of": "4.0.0"
			},
			"dependencies": {
				"is-number": {
					"version": "3.0.0",
					"resolved": "https://registry.npmjs.org/is-number/-/is-number-3.0.0.tgz",
					"integrity": "sha1-JP1iAaR4LPUFYcgQJ2r8fRLXEZU=",
					"requires": {
						"kind-of": "3.2.2"
					},
					"dependencies": {
						"kind-of": {
							"version": "3.2.2",
							"resolved": "https://registry.npmjs.org/kind-of/-/kind-of-3.2.2.tgz",
							"integrity": "sha1-MeohpzS6ubuw8yRm2JOupR5KPGQ=",
							"requires": {
								"is-buffer": "1.1.5"
							}
						}
					}
				},
				"kind-of": {
					"version": "4.0.0",
					"resolved": "https://registry.npmjs.org/kind-of/-/kind-of-4.0.0.tgz",
					"integrity": "sha1-IIE989cSkosgc3hpGkUGb65y3Vc=",
					"requires": {
						"is-buffer": "1.1.5"
					}
				}
			}
		},
		"readable-stream": {
			"version": "1.1.14",
			"resolved": "https://registry.npmjs.org/readable-stream/-/readable-stream-1.1.14.tgz",
			"integrity": "sha1-fPTFTvZI44EwhMY23SB54WbAgdk=",
			"requires": {
				"core-util-is": "1.0.2",
				"inherits": "2.0.3",
				"isarray": "0.0.1",
				"string_decoder": "0.10.31"
			},
			"dependencies": {
				"isarray": {
					"version": "0.0.1",
					"resolved": "https://registry.npmjs.org/isarray/-/isarray-0.0.1.tgz",
					"integrity": "sha1-ihis/Kmo9Bd+Cav8YDiTmwXR7t8="
				}
			}
		},
		"rechoir": {
			"version": "0.6.2",
			"resolved": "https://registry.npmjs.org/rechoir/-/rechoir-0.6.2.tgz",
			"integrity": "sha1-hSBLVNuoLVdC4oyWdW70OvUOM4Q=",
			"requires": {
				"resolve": "1.3.3"
			}
		},
		"regenerator-runtime": {
			"version": "0.10.5",
			"resolved": "https://registry.npmjs.org/regenerator-runtime/-/regenerator-runtime-0.10.5.tgz",
			"integrity": "sha1-M2w+/BIgrc7dosn6tntaeVWjNlg="
		},
		"regex-cache": {
			"version": "0.4.3",
			"resolved": "https://registry.npmjs.org/regex-cache/-/regex-cache-0.4.3.tgz",
			"integrity": "sha1-mxpsNdTQ3871cRrmUejp09cRQUU=",
			"requires": {
				"is-equal-shallow": "0.1.3",
				"is-primitive": "2.0.0"
			}
		},
		"remove-trailing-separator": {
			"version": "1.0.2",
			"resolved": "https://registry.npmjs.org/remove-trailing-separator/-/remove-trailing-separator-1.0.2.tgz",
			"integrity": "sha1-abBi2XhyetFNxrVrpKt3L9jXBRE="
		},
		"repeat-element": {
			"version": "1.1.2",
			"resolved": "https://registry.npmjs.org/repeat-element/-/repeat-element-1.1.2.tgz",
			"integrity": "sha1-7wiaF40Ug7quTZPrmLT55OEdmQo="
		},
		"repeat-string": {
			"version": "1.6.1",
			"resolved": "https://registry.npmjs.org/repeat-string/-/repeat-string-1.6.1.tgz",
			"integrity": "sha1-jcrkcOHIirwtYA//Sndihtp15jc="
		},
		"resolve": {
			"version": "1.3.3",
			"resolved": "https://registry.npmjs.org/resolve/-/resolve-1.3.3.tgz",
			"integrity": "sha1-ZVkHw0aahoDcLeOidaj91paR8OU=",
			"requires": {
				"path-parse": "1.0.5"
			}
		},
		"resolve-dir": {
			"version": "0.1.1",
			"resolved": "https://registry.npmjs.org/resolve-dir/-/resolve-dir-0.1.1.tgz",
			"integrity": "sha1-shklmlYC+sXFxJatiUpujMQwJh4=",
			"requires": {
				"expand-tilde": "1.2.2",
				"global-modules": "0.2.3"
			}
		},
		"safe-buffer": {
			"version": "5.1.1",
			"resolved": "https://registry.npmjs.org/safe-buffer/-/safe-buffer-5.1.1.tgz",
			"integrity": "sha512-kKvNJn6Mm93gAczWVJg7wH+wGYWNrDHdWvpUmHyEsgCtIwwo3bqPtV4tR5tuPaUhTOo/kvhVwd8XwwOllGYkbg=="
		},
		"sqlite3": {
			"version": "3.1.8",
			"resolved": "https://registry.npmjs.org/sqlite3/-/sqlite3-3.1.8.tgz",
			"integrity": "sha1-TLz5Zdi5AdGxAVy8f8QVquFX36o=",
			"requires": {
				"nan": "2.4.0",
				"node-pre-gyp": "0.6.31"
			},
			"dependencies": {
				"node-pre-gyp": {
					"version": "0.6.31",
					"bundled": true,
					"requires": {
						"mkdirp": "0.5.1",
						"nopt": "3.0.6",
						"npmlog": "4.0.0",
						"rc": "1.1.6",
						"request": "2.76.0",
						"rimraf": "2.5.4",
						"semver": "5.3.0",
						"tar": "2.2.1",
						"tar-pack": "3.3.0"
					},
					"dependencies": {
						"mkdirp": {
							"version": "0.5.1",
							"bundled": true,
							"requires": {
								"minimist": "0.0.8"
							},
							"dependencies": {
								"minimist": {
									"version": "0.0.8",
									"bundled": true
								}
							}
						},
						"nopt": {
							"version": "3.0.6",
							"bundled": true,
							"requires": {
								"abbrev": "1.0.9"
							},
							"dependencies": {
								"abbrev": {
									"version": "1.0.9",
									"bundled": true
								}
							}
						},
						"npmlog": {
							"version": "4.0.0",
							"bundled": true,
							"requires": {
								"are-we-there-yet": "1.1.2",
								"console-control-strings": "1.1.0",
								"gauge": "2.6.0",
								"set-blocking": "2.0.0"
							},
							"dependencies": {
								"are-we-there-yet": {
									"version": "1.1.2",
									"bundled": true,
									"requires": {
										"delegates": "1.0.0",
										"readable-stream": "2.1.5"
									},
									"dependencies": {
										"delegates": {
											"version": "1.0.0",
											"bundled": true
										},
										"readable-stream": {
											"version": "2.1.5",
											"bundled": true,
											"requires": {
												"buffer-shims": "1.0.0",
												"core-util-is": "1.0.2",
												"inherits": "2.0.3",
												"isarray": "1.0.0",
												"process-nextick-args": "1.0.7",
												"string_decoder": "0.10.31",
												"util-deprecate": "1.0.2"
											},
											"dependencies": {
												"buffer-shims": {
													"version": "1.0.0",
													"bundled": true
												},
												"core-util-is": {
													"version": "1.0.2",
													"bundled": true
												},
												"inherits": {
													"version": "2.0.3",
													"bundled": true
												},
												"isarray": {
													"version": "1.0.0",
													"bundled": true
												},
												"process-nextick-args": {
													"version": "1.0.7",
													"bundled": true
												},
												"string_decoder": {
													"version": "0.10.31",
													"bundled": true
												},
												"util-deprecate": {
													"version": "1.0.2",
													"bundled": true
												}
											}
										}
									}
								},
								"console-control-strings": {
									"version": "1.1.0",
									"bundled": true
								},
								"gauge": {
									"version": "2.6.0",
									"bundled": true,
									"requires": {
										"aproba": "1.0.4",
										"console-control-strings": "1.1.0",
										"has-color": "0.1.7",
										"has-unicode": "2.0.1",
										"object-assign": "4.1.0",
										"signal-exit": "3.0.1",
										"string-width": "1.0.2",
										"strip-ansi": "3.0.1",
										"wide-align": "1.1.0"
									},
									"dependencies": {
										"aproba": {
											"version": "1.0.4",
											"bundled": true
										},
										"has-color": {
											"version": "0.1.7",
											"bundled": true
										},
										"has-unicode": {
											"version": "2.0.1",
											"bundled": true
										},
										"object-assign": {
											"version": "4.1.0",
											"bundled": true
										},
										"signal-exit": {
											"version": "3.0.1",
											"bundled": true
										},
										"string-width": {
											"version": "1.0.2",
											"bundled": true,
											"requires": {
												"code-point-at": "1.0.1",
												"is-fullwidth-code-point": "1.0.0",
												"strip-ansi": "3.0.1"
											},
											"dependencies": {
												"code-point-at": {
													"version": "1.0.1",
													"bundled": true,
													"requires": {
														"number-is-nan": "1.0.1"
													},
													"dependencies": {
														"number-is-nan": {
															"version": "1.0.1",
															"bundled": true
														}
													}
												},
												"is-fullwidth-code-point": {
													"version": "1.0.0",
													"bundled": true,
													"requires": {
														"number-is-nan": "1.0.1"
													},
													"dependencies": {
														"number-is-nan": {
															"version": "1.0.1",
															"bundled": true
														}
													}
												}
											}
										},
										"strip-ansi": {
											"version": "3.0.1",
											"bundled": true,
											"requires": {
												"ansi-regex": "2.0.0"
											},
											"dependencies": {
												"ansi-regex": {
													"version": "2.0.0",
													"bundled": true
												}
											}
										},
										"wide-align": {
											"version": "1.1.0",
											"bundled": true,
											"requires": {
												"string-width": "1.0.2"
											}
										}
									}
								},
								"set-blocking": {
									"version": "2.0.0",
									"bundled": true
								}
							}
						},
						"rc": {
							"version": "1.1.6",
							"bundled": true,
							"requires": {
								"deep-extend": "0.4.1",
								"ini": "1.3.4",
								"minimist": "1.2.0",
								"strip-json-comments": "1.0.4"
							},
							"dependencies": {
								"deep-extend": {
									"version": "0.4.1",
									"bundled": true
								},
								"ini": {
									"version": "1.3.4",
									"bundled": true
								},
								"minimist": {
									"version": "1.2.0",
									"bundled": true
								},
								"strip-json-comments": {
									"version": "1.0.4",
									"bundled": true
								}
							}
						},
						"request": {
							"version": "2.76.0",
							"bundled": true,
							"requires": {
								"aws-sign2": "0.6.0",
								"aws4": "1.5.0",
								"caseless": "0.11.0",
								"combined-stream": "1.0.5",
								"extend": "3.0.0",
								"forever-agent": "0.6.1",
								"form-data": "2.1.1",
								"har-validator": "2.0.6",
								"hawk": "3.1.3",
								"http-signature": "1.1.1",
								"is-typedarray": "1.0.0",
								"isstream": "0.1.2",
								"json-stringify-safe": "5.0.1",
								"mime-types": "2.1.12",
								"node-uuid": "1.4.7",
								"oauth-sign": "0.8.2",
								"qs": "6.3.0",
								"stringstream": "0.0.5",
								"tough-cookie": "2.3.2",
								"tunnel-agent": "0.4.3"
							},
							"dependencies": {
								"aws-sign2": {
									"version": "0.6.0",
									"bundled": true
								},
								"aws4": {
									"version": "1.5.0",
									"bundled": true
								},
								"caseless": {
									"version": "0.11.0",
									"bundled": true
								},
								"combined-stream": {
									"version": "1.0.5",
									"bundled": true,
									"requires": {
										"delayed-stream": "1.0.0"
									},
									"dependencies": {
										"delayed-stream": {
											"version": "1.0.0",
											"bundled": true
										}
									}
								},
								"extend": {
									"version": "3.0.0",
									"bundled": true
								},
								"forever-agent": {
									"version": "0.6.1",
									"bundled": true
								},
								"form-data": {
									"version": "2.1.1",
									"bundled": true,
									"requires": {
										"asynckit": "0.4.0",
										"combined-stream": "1.0.5",
										"mime-types": "2.1.12"
									},
									"dependencies": {
										"asynckit": {
											"version": "0.4.0",
											"bundled": true
										}
									}
								},
								"har-validator": {
									"version": "2.0.6",
									"bundled": true,
									"requires": {
										"chalk": "1.1.3",
										"commander": "2.9.0",
										"is-my-json-valid": "2.15.0",
										"pinkie-promise": "2.0.1"
									},
									"dependencies": {
										"chalk": {
											"version": "1.1.3",
											"bundled": true,
											"requires": {
												"ansi-styles": "2.2.1",
												"escape-string-regexp": "1.0.5",
												"has-ansi": "2.0.0",
												"strip-ansi": "3.0.1",
												"supports-color": "2.0.0"
											},
											"dependencies": {
												"ansi-styles": {
													"version": "2.2.1",
													"bundled": true
												},
												"escape-string-regexp": {
													"version": "1.0.5",
													"bundled": true
												},
												"has-ansi": {
													"version": "2.0.0",
													"bundled": true,
													"requires": {
														"ansi-regex": "2.0.0"
													},
													"dependencies": {
														"ansi-regex": {
															"version": "2.0.0",
															"bundled": true
														}
													}
												},
												"strip-ansi": {
													"version": "3.0.1",
													"bundled": true,
													"requires": {
														"ansi-regex": "2.0.0"
													},
													"dependencies": {
														"ansi-regex": {
															"version": "2.0.0",
															"bundled": true
														}
													}
												},
												"supports-color": {
													"version": "2.0.0",
													"bundled": true
												}
											}
										},
										"commander": {
											"version": "2.9.0",
											"bundled": true,
											"requires": {
												"graceful-readlink": "1.0.1"
											},
											"dependencies": {
												"graceful-readlink": {
													"version": "1.0.1",
													"bundled": true
												}
											}
										},
										"is-my-json-valid": {
											"version": "2.15.0",
											"bundled": true,
											"requires": {
												"generate-function": "2.0.0",
												"generate-object-property": "1.2.0",
												"jsonpointer": "4.0.0",
												"xtend": "4.0.1"
											},
											"dependencies": {
												"generate-function": {
													"version": "2.0.0",
													"bundled": true
												},
												"generate-object-property": {
													"version": "1.2.0",
													"bundled": true,
													"requires": {
														"is-property": "1.0.2"
													},
													"dependencies": {
														"is-property": {
															"version": "1.0.2",
															"bundled": true
														}
													}
												},
												"jsonpointer": {
													"version": "4.0.0",
													"bundled": true
												},
												"xtend": {
													"version": "4.0.1",
													"bundled": true
												}
											}
										},
										"pinkie-promise": {
											"version": "2.0.1",
											"bundled": true,
											"requires": {
												"pinkie": "2.0.4"
											},
											"dependencies": {
												"pinkie": {
													"version": "2.0.4",
													"bundled": true
												}
											}
										}
									}
								},
								"hawk": {
									"version": "3.1.3",
									"bundled": true,
									"requires": {
										"boom": "2.10.1",
										"cryptiles": "2.0.5",
										"hoek": "2.16.3",
										"sntp": "1.0.9"
									},
									"dependencies": {
										"boom": {
											"version": "2.10.1",
											"bundled": true,
											"requires": {
												"hoek": "2.16.3"
											}
										},
										"cryptiles": {
											"version": "2.0.5",
											"bundled": true,
											"requires": {
												"boom": "2.10.1"
											}
										},
										"hoek": {
											"version": "2.16.3",
											"bundled": true
										},
										"sntp": {
											"version": "1.0.9",
											"bundled": true,
											"requires": {
												"hoek": "2.16.3"
											}
										}
									}
								},
								"http-signature": {
									"version": "1.1.1",
									"bundled": true,
									"requires": {
										"assert-plus": "0.2.0",
										"jsprim": "1.3.1",
										"sshpk": "1.10.1"
									},
									"dependencies": {
										"assert-plus": {
											"version": "0.2.0",
											"bundled": true
										},
										"jsprim": {
											"version": "1.3.1",
											"bundled": true,
											"requires": {
												"extsprintf": "1.0.2",
												"json-schema": "0.2.3",
												"verror": "1.3.6"
											},
											"dependencies": {
												"extsprintf": {
													"version": "1.0.2",
													"bundled": true
												},
												"json-schema": {
													"version": "0.2.3",
													"bundled": true
												},
												"verror": {
													"version": "1.3.6",
													"bundled": true,
													"requires": {
														"extsprintf": "1.0.2"
													}
												}
											}
										},
										"sshpk": {
											"version": "1.10.1",
											"bundled": true,
											"requires": {
												"asn1": "0.2.3",
												"assert-plus": "1.0.0",
												"bcrypt-pbkdf": "1.0.0",
												"dashdash": "1.14.0",
												"ecc-jsbn": "0.1.1",
												"getpass": "0.1.6",
												"jodid25519": "1.0.2",
												"jsbn": "0.1.0",
												"tweetnacl": "0.14.3"
											},
											"dependencies": {
												"asn1": {
													"version": "0.2.3",
													"bundled": true
												},
												"assert-plus": {
													"version": "1.0.0",
													"bundled": true
												},
												"bcrypt-pbkdf": {
													"version": "1.0.0",
													"bundled": true,
													"optional": true,
													"requires": {
														"tweetnacl": "0.14.3"
													}
												},
												"dashdash": {
													"version": "1.14.0",
													"bundled": true,
													"requires": {
														"assert-plus": "1.0.0"
													}
												},
												"ecc-jsbn": {
													"version": "0.1.1",
													"bundled": true,
													"optional": true,
													"requires": {
														"jsbn": "0.1.0"
													}
												},
												"getpass": {
													"version": "0.1.6",
													"bundled": true,
													"requires": {
														"assert-plus": "1.0.0"
													}
												},
												"jodid25519": {
													"version": "1.0.2",
													"bundled": true,
													"optional": true,
													"requires": {
														"jsbn": "0.1.0"
													}
												},
												"jsbn": {
													"version": "0.1.0",
													"bundled": true,
													"optional": true
												},
												"tweetnacl": {
													"version": "0.14.3",
													"bundled": true,
													"optional": true
												}
											}
										}
									}
								},
								"is-typedarray": {
									"version": "1.0.0",
									"bundled": true
								},
								"isstream": {
									"version": "0.1.2",
									"bundled": true
								},
								"json-stringify-safe": {
									"version": "5.0.1",
									"bundled": true
								},
								"mime-types": {
									"version": "2.1.12",
									"bundled": true,
									"requires": {
										"mime-db": "1.24.0"
									},
									"dependencies": {
										"mime-db": {
											"version": "1.24.0",
											"bundled": true
										}
									}
								},
								"node-uuid": {
									"version": "1.4.7",
									"bundled": true
								},
								"oauth-sign": {
									"version": "0.8.2",
									"bundled": true
								},
								"qs": {
									"version": "6.3.0",
									"bundled": true
								},
								"stringstream": {
									"version": "0.0.5",
									"bundled": true
								},
								"tough-cookie": {
									"version": "2.3.2",
									"bundled": true,
									"requires": {
										"punycode": "1.4.1"
									},
									"dependencies": {
										"punycode": {
											"version": "1.4.1",
											"bundled": true
										}
									}
								},
								"tunnel-agent": {
									"version": "0.4.3",
									"bundled": true
								}
							}
						},
						"rimraf": {
							"version": "2.5.4",
							"bundled": true,
							"requires": {
								"glob": "7.1.1"
							},
							"dependencies": {
								"glob": {
									"version": "7.1.1",
									"bundled": true,
									"requires": {
										"fs.realpath": "1.0.0",
										"inflight": "1.0.6",
										"inherits": "2.0.3",
										"minimatch": "3.0.3",
										"once": "1.4.0",
										"path-is-absolute": "1.0.1"
									},
									"dependencies": {
										"fs.realpath": {
											"version": "1.0.0",
											"bundled": true
										},
										"inflight": {
											"version": "1.0.6",
											"bundled": true,
											"requires": {
												"once": "1.4.0",
												"wrappy": "1.0.2"
											},
											"dependencies": {
												"wrappy": {
													"version": "1.0.2",
													"bundled": true
												}
											}
										},
										"inherits": {
											"version": "2.0.3",
											"bundled": true
										},
										"minimatch": {
											"version": "3.0.3",
											"bundled": true,
											"requires": {
												"brace-expansion": "1.1.6"
											},
											"dependencies": {
												"brace-expansion": {
													"version": "1.1.6",
													"bundled": true,
													"requires": {
														"balanced-match": "0.4.2",
														"concat-map": "0.0.1"
													},
													"dependencies": {
														"balanced-match": {
															"version": "0.4.2",
															"bundled": true
														},
														"concat-map": {
															"version": "0.0.1",
															"bundled": true
														}
													}
												}
											}
										},
										"once": {
											"version": "1.4.0",
											"bundled": true,
											"requires": {
												"wrappy": "1.0.2"
											},
											"dependencies": {
												"wrappy": {
													"version": "1.0.2",
													"bundled": true
												}
											}
										},
										"path-is-absolute": {
											"version": "1.0.1",
											"bundled": true
										}
									}
								}
							}
						},
						"semver": {
							"version": "5.3.0",
							"bundled": true
						},
						"tar": {
							"version": "2.2.1",
							"bundled": true,
							"requires": {
								"block-stream": "0.0.9",
								"fstream": "1.0.10",
								"inherits": "2.0.3"
							},
							"dependencies": {
								"block-stream": {
									"version": "0.0.9",
									"bundled": true,
									"requires": {
										"inherits": "2.0.3"
									}
								},
								"fstream": {
									"version": "1.0.10",
									"bundled": true,
									"requires": {
										"graceful-fs": "4.1.9",
										"inherits": "2.0.3",
										"mkdirp": "0.5.1",
										"rimraf": "2.5.4"
									},
									"dependencies": {
										"graceful-fs": {
											"version": "4.1.9",
											"bundled": true
										}
									}
								},
								"inherits": {
									"version": "2.0.3",
									"bundled": true
								}
							}
						},
						"tar-pack": {
							"version": "3.3.0",
							"bundled": true,
							"requires": {
								"debug": "2.2.0",
								"fstream": "1.0.10",
								"fstream-ignore": "1.0.5",
								"once": "1.3.3",
								"readable-stream": "2.1.5",
								"rimraf": "2.5.4",
								"tar": "2.2.1",
								"uid-number": "0.0.6"
							},
							"dependencies": {
								"debug": {
									"version": "2.2.0",
									"bundled": true,
									"requires": {
										"ms": "0.7.1"
									},
									"dependencies": {
										"ms": {
											"version": "0.7.1",
											"bundled": true
										}
									}
								},
								"fstream": {
									"version": "1.0.10",
									"bundled": true,
									"requires": {
										"graceful-fs": "4.1.9",
										"inherits": "2.0.3",
										"mkdirp": "0.5.1",
										"rimraf": "2.5.4"
									},
									"dependencies": {
										"graceful-fs": {
											"version": "4.1.9",
											"bundled": true
										},
										"inherits": {
											"version": "2.0.3",
											"bundled": true
										}
									}
								},
								"fstream-ignore": {
									"version": "1.0.5",
									"bundled": true,
									"requires": {
										"fstream": "1.0.10",
										"inherits": "2.0.3",
										"minimatch": "3.0.3"
									},
									"dependencies": {
										"inherits": {
											"version": "2.0.3",
											"bundled": true
										},
										"minimatch": {
											"version": "3.0.3",
											"bundled": true,
											"requires": {
												"brace-expansion": "1.1.6"
											},
											"dependencies": {
												"brace-expansion": {
													"version": "1.1.6",
													"bundled": true,
													"requires": {
														"balanced-match": "0.4.2",
														"concat-map": "0.0.1"
													},
													"dependencies": {
														"balanced-match": {
															"version": "0.4.2",
															"bundled": true
														},
														"concat-map": {
															"version": "0.0.1",
															"bundled": true
														}
													}
												}
											}
										}
									}
								},
								"once": {
									"version": "1.3.3",
									"bundled": true,
									"requires": {
										"wrappy": "1.0.2"
									},
									"dependencies": {
										"wrappy": {
											"version": "1.0.2",
											"bundled": true
										}
									}
								},
								"readable-stream": {
									"version": "2.1.5",
									"bundled": true,
									"requires": {
										"buffer-shims": "1.0.0",
										"core-util-is": "1.0.2",
										"inherits": "2.0.3",
										"isarray": "1.0.0",
										"process-nextick-args": "1.0.7",
										"string_decoder": "0.10.31",
										"util-deprecate": "1.0.2"
									},
									"dependencies": {
										"buffer-shims": {
											"version": "1.0.0",
											"bundled": true
										},
										"core-util-is": {
											"version": "1.0.2",
											"bundled": true
										},
										"inherits": {
											"version": "2.0.3",
											"bundled": true
										},
										"isarray": {
											"version": "1.0.0",
											"bundled": true
										},
										"process-nextick-args": {
											"version": "1.0.7",
											"bundled": true
										},
										"string_decoder": {
											"version": "0.10.31",
											"bundled": true
										},
										"util-deprecate": {
											"version": "1.0.2",
											"bundled": true
										}
									}
								},
								"uid-number": {
									"version": "0.0.6",
									"bundled": true
								}
							}
						}
					}
				}
			}
		},
		"string_decoder": {
			"version": "0.10.31",
			"resolved": "https://registry.npmjs.org/string_decoder/-/string_decoder-0.10.31.tgz",
			"integrity": "sha1-YuIDvEF2bGwoyfyEMB2rHFMQ+pQ="
		},
		"strip-ansi": {
			"version": "3.0.1",
			"resolved": "https://registry.npmjs.org/strip-ansi/-/strip-ansi-3.0.1.tgz",
			"integrity": "sha1-ajhfuIU9lS1f8F0Oiq+UJ43GPc8=",
			"requires": {
				"ansi-regex": "2.1.1"
			}
		},
		"supports-color": {
			"version": "2.0.0",
			"resolved": "https://registry.npmjs.org/supports-color/-/supports-color-2.0.0.tgz",
			"integrity": "sha1-U10EXOa2Nj+kARcIRimZXp3zJMc="
		},
		"tildify": {
			"version": "1.0.0",
			"resolved": "https://registry.npmjs.org/tildify/-/tildify-1.0.0.tgz",
			"integrity": "sha1-KgIdtej73gqPi03zetqo+x05190=",
			"requires": {
				"user-home": "1.1.1"
			}
		},
		"user-home": {
			"version": "1.1.1",
			"resolved": "https://registry.npmjs.org/user-home/-/user-home-1.1.1.tgz",
			"integrity": "sha1-K1viOjK2Onyd640PKNSFcko98ZA="
		},
		"uuid": {
			"version": "3.1.0",
			"resolved": "https://registry.npmjs.org/uuid/-/uuid-3.1.0.tgz",
			"integrity": "sha512-DIWtzUkw04M4k3bf1IcpS2tngXEL26YUD2M0tMDUpnUrz2hgzUBlD55a4FjdLGPvfHxS6uluGWvaVEqgBcVa+g=="
		},
		"v8flags": {
			"version": "2.1.1",
			"resolved": "https://registry.npmjs.org/v8flags/-/v8flags-2.1.1.tgz",
			"integrity": "sha1-qrGh+jDUX4jdMhFIh1rALAtV5bQ=",
			"requires": {
				"user-home": "1.1.1"
			}
		},
		"which": {
			"version": "1.2.14",
			"resolved": "https://registry.npmjs.org/which/-/which-1.2.14.tgz",
			"integrity": "sha1-mofEN48D6CfOyvGs31bHNsAcFOU=",
			"requires": {
				"isexe": "2.0.0"
			}
		}
	}
}
